
Microsoft Visual Studio Solution File, Format Version 12.00
# Visual Studio Version 17
VisualStudioVersion = 17.4.33213.308
MinimumVisualStudioVersion = 10.0.40219.1
Project("{9A19103F-16F7-4668-BE54-9A1E7A4F7556}") = "Week2", "Week2\Week2.csproj", "{A31AC1E7-3ED8-4F47-AB61-9B1EDEC1FB2E}"
EndProject
Project("{9A19103F-16F7-4668-BE54-9A1E7A4F7556}") = "userGenderValidation", "userAgeValidation\userGenderValidation.csproj", "{3D067263-E104-4DBF-979C-64C8A1539FF6}"
EndProject
Project("{FAE04EC0-301F-11D3-BF4B-00C04F79EFBC}") = "userAgeValidation1", "userAgeValidation1\userAgeValidation1.csproj", "{7F872348-2AEB-4B47-91D1-B4578DF1F7A5}"
EndProject
Global
	GlobalSection(SolutionConfigurationPlatforms) = preSolution
		Debug|Any CPU = Debug|Any CPU
		Release|Any CPU = Release|Any CPU
	EndGlobalSection
	GlobalSection(ProjectConfigurationPlatforms) = postSolution
		{A31AC1E7-3ED8-4F47-AB61-9B1EDEC1FB2E}.Debug|Any CPU.ActiveCfg = Debug|Any CPU
		{A31AC1E7-3ED8-4F47-AB61-9B1EDEC1FB2E}.Debug|Any CPU.Build.0 = Debug|Any CPU
		{A31AC1E7-3ED8-4F47-AB61-9B1EDEC1FB2E}.Release|Any CPU.ActiveCfg = Release|Any CPU
		{A31AC1E7-3ED8-4F47-AB61-9B1EDEC1FB2E}.Release|Any CPU.Build.0 = Release|Any CPU
		{3D067263-E104-4DBF-979C-64C8A1539FF6}.Debug|Any CPU.ActiveCfg = Debug|Any CPU
		{3D067263-E104-4DBF-979C-64C8A1539FF6}.Debug|Any CPU.Build.0 = Debug|Any CPU
		{3D067263-E104-4DBF-979C-64C8A1539FF6}.Release|Any CPU.ActiveCfg = Release|Any CPU
		{3D067263-E104-4DBF-979C-64C8A1539FF6}.Release|Any CPU.Build.0 = Release|Any CPU
		{7F872348-2AEB-4B47-91D1-B4578DF1F7A5}.Debug|Any CPU.ActiveCfg = Debug|Any CPU
		{7F872348-2AEB-4B47-91D1-B4578DF1F7A5}.Debug|Any CPU.Build.0 = Debug|Any CPU
		{7F872348-2AEB-4B47-91D1-B4578DF1F7A5}.Release|Any CPU.ActiveCfg = Release|Any CPU
		{7F872348-2AEB-4B47-91D1-B4578DF1F7A5}.Release|Any CPU.Build.0 = Release|Any CPU
	EndGlobalSection
	GlobalSection(SolutionProperties) = preSolution
		HideSolutionNode = FALSE
	EndGlobalSection
	GlobalSection(ExtensibilityGlobals) = postSolution
		SolutionGuid = {8A2646EE-D433-4C4A-B2BC-1FEDF0F13A20}
	EndGlobalSection
EndGlobal
